// !$*UTF8*$!
{
	archiveVersion = 1;
	classes = {
	};
	objectVersion = 56;
	objects = {

/* Begin PBXBuildFile section */
		E5AEAA872A743959008BDE43 /* AppDelegate.swift in Sources */ = {isa = PBXBuildFile; fileRef = E5AEAA862A743959008BDE43 /* AppDelegate.swift */; };
		E5AEAA892A743959008BDE43 /* SceneDelegate.swift in Sources */ = {isa = PBXBuildFile; fileRef = E5AEAA882A743959008BDE43 /* SceneDelegate.swift */; };
		E5AEAA8B2A743959008BDE43 /* ViewController.swift in Sources */ = {isa = PBXBuildFile; fileRef = E5AEAA8A2A743959008BDE43 /* ViewController.swift */; };
		E5AEAA8E2A743959008BDE43 /* Main.storyboard in Resources */ = {isa = PBXBuildFile; fileRef = E5AEAA8C2A743959008BDE43 /* Main.storyboard */; };
		E5AEAA902A74395A008BDE43 /* Assets.xcassets in Resources */ = {isa = PBXBuildFile; fileRef = E5AEAA8F2A74395A008BDE43 /* Assets.xcassets */; };
		E5AEAA932A74395A008BDE43 /* LaunchScreen.storyboard in Resources */ = {isa = PBXBuildFile; fileRef = E5AEAA912A74395A008BDE43 /* LaunchScreen.storyboard */; };
		E5AEAA9B2A743AA1008BDE43 /* CryptoTableViewCell.swift in Sources */ = {isa = PBXBuildFile; fileRef = E5AEAA9A2A743AA1008BDE43 /* CryptoTableViewCell.swift */; };
		E5AEAAA12A743F73008BDE43 /* CryptoCurrency.swift in Sources */ = {isa = PBXBuildFile; fileRef = E5AEAAA02A743F73008BDE43 /* CryptoCurrency.swift */; };
		E5AEAAA32A7440AE008BDE43 /* WebService.swift in Sources */ = {isa = PBXBuildFile; fileRef = E5AEAAA22A7440AE008BDE43 /* WebService.swift */; };
		E5AEAAA52A744528008BDE43 /* CryptoViewModel.swift in Sources */ = {isa = PBXBuildFile; fileRef = E5AEAAA42A744528008BDE43 /* CryptoViewModel.swift */; };
/* End PBXBuildFile section */

/* Begin PBXFileReference section */
		E5AEAA832A743959008BDE43 /* CryptoCrazy.app */ = {isa = PBXFileReference; explicitFileType = wrapper.application; includeInIndex = 0; path = CryptoCrazy.app; sourceTree = BUILT_PRODUCTS_DIR; };
		E5AEAA862A743959008BDE43 /* AppDelegate.swift */ = {isa = PBXFileReference; lastKnownFileType = sourcecode.swift; path = AppDelegate.swift; sourceTree = "<group>"; };
		E5AEAA882A743959008BDE43 /* SceneDelegate.swift */ = {isa = PBXFileReference; lastKnownFileType = sourcecode.swift; path = SceneDelegate.swift; sourceTree = "<group>"; };
		E5AEAA8A2A743959008BDE43 /* ViewController.swift */ = {isa = PBXFileReference; lastKnownFileType = sourcecode.swift; path = ViewController.swift; sourceTree = "<group>"; };
		E5AEAA8D2A743959008BDE43 /* Base */ = {isa = PBXFileReference; lastKnownFileType = file.storyboard; name = Base; path = Base.lproj/Main.storyboard; sourceTree = "<group>"; };
		E5AEAA8F2A74395A008BDE43 /* Assets.xcassets */ = {isa = PBXFileReference; lastKnownFileType = folder.assetcatalog; path = Assets.xcassets; sourceTree = "<group>"; };
		E5AEAA922A74395A008BDE43 /* Base */ = {isa = PBXFileReference; lastKnownFileType = file.storyboard; name = Base; path = Base.lproj/LaunchScreen.storyboard; sourceTree = "<group>"; };
		E5AEAA942A74395A008BDE43 /* Info.plist */ = {isa = PBXFileReference; lastKnownFileType = text.plist.xml; path = Info.plist; sourceTree = "<group>"; };
		E5AEAA9A2A743AA1008BDE43 /* CryptoTableViewCell.swift */ = {isa = PBXFileReference; lastKnownFileType = sourcecode.swift; path = CryptoTableViewCell.swift; sourceTree = "<group>"; };
		E5AEAAA02A743F73008BDE43 /* CryptoCurrency.swift */ = {isa = PBXFileReference; lastKnownFileType = sourcecode.swift; path = CryptoCurrency.swift; sourceTree = "<group>"; };
		E5AEAAA22A7440AE008BDE43 /* WebService.swift */ = {isa = PBXFileReference; lastKnownFileType = sourcecode.swift; path = WebService.swift; sourceTree = "<group>"; };
		E5AEAAA42A744528008BDE43 /* CryptoViewModel.swift */ = {isa = PBXFileReference; lastKnownFileType = sourcecode.swift; path = CryptoViewModel.swift; sourceTree = "<group>"; };
/* End PBXFileReference section */

/* Begin PBXFrameworksBuildPhase section */
		E5AEAA802A743959008BDE43 /* Frameworks */ = {
			isa = PBXFrameworksBuildPhase;
			buildActionMask = 2147483647;
			files = (
			);
			runOnlyForDeploymentPostprocessing = 0;
		};
/* End PBXFrameworksBuildPhase section */

/* Begin PBXGroup section */
		E5AEAA7A2A743959008BDE43 = {
			isa = PBXGroup;
			children = (
				E5AEAA852A743959008BDE43 /* CryptoCrazy */,
				E5AEAA842A743959008BDE43 /* Products */,
			);
			sourceTree = "<group>";
		};
		E5AEAA842A743959008BDE43 /* Products */ = {
			isa = PBXGroup;
			children = (
				E5AEAA832A743959008BDE43 /* CryptoCrazy.app */,
			);
			name = Products;
			sourceTree = "<group>";
		};
		E5AEAA852A743959008BDE43 /* CryptoCrazy */ = {
			isa = PBXGroup;
			children = (
				E5AEAA9F2A743F3F008BDE43 /* Service */,
				E5AEAA9E2A743F32008BDE43 /* ViewModel */,
				E5AEAA9D2A743F2C008BDE43 /* Model */,
				E5AEAA9C2A743F27008BDE43 /* View */,
				E5AEAA8C2A743959008BDE43 /* Main.storyboard */,
				E5AEAA8F2A74395A008BDE43 /* Assets.xcassets */,
				E5AEAA912A74395A008BDE43 /* LaunchScreen.storyboard */,
				E5AEAA942A74395A008BDE43 /* Info.plist */,
			);
			path = CryptoCrazy;
			sourceTree = "<group>";
		};
		E5AEAA9C2A743F27008BDE43 /* View */ = {
			isa = PBXGroup;
			children = (
				E5AEAA862A743959008BDE43 /* AppDelegate.swift */,
				E5AEAA882A743959008BDE43 /* SceneDelegate.swift */,
				E5AEAA8A2A743959008BDE43 /* ViewController.swift */,
				E5AEAA9A2A743AA1008BDE43 /* CryptoTableViewCell.swift */,
			);
			path = View;
			sourceTree = "<group>";
		};
		E5AEAA9D2A743F2C008BDE43 /* Model */ = {
			isa = PBXGroup;
			children = (
				E5AEAAA02A743F73008BDE43 /* CryptoCurrency.swift */,
			);
			path = Model;
			sourceTree = "<group>";
		};
		E5AEAA9E2A743F32008BDE43 /* ViewModel */ = {
			isa = PBXGroup;
			children = (
				E5AEAAA42A744528008BDE43 /* CryptoViewModel.swift */,
			);
			path = ViewModel;
			sourceTree = "<group>";
		};
		E5AEAA9F2A743F3F008BDE43 /* Service */ = {
			isa = PBXGroup;
			children = (
				E5AEAAA22A7440AE008BDE43 /* WebService.swift */,
			);
			path = Service;
			sourceTree = "<group>";
		};
/* End PBXGroup section */

/* Begin PBXNativeTarget section */
		E5AEAA822A743959008BDE43 /* CryptoCrazy */ = {
			isa = PBXNativeTarget;
			buildConfigurationList = E5AEAA972A74395A008BDE43 /* Build configuration list for PBXNativeTarget "CryptoCrazy" */;
			buildPhases = (
				E5AEAA7F2A743959008BDE43 /* Sources */,
				E5AEAA802A743959008BDE43 /* Frameworks */,
				E5AEAA812A743959008BDE43 /* Resources */,
			);
			buildRules = (
			);
			dependencies = (
			);
			name = CryptoCrazy;
			productName = CryptoCrazy;
			productReference = E5AEAA832A743959008BDE43 /* CryptoCrazy.app */;
			productType = "com.apple.product-type.application";
		};
/* End PBXNativeTarget section */

/* Begin PBXProject section */
		E5AEAA7B2A743959008BDE43 /* Project object */ = {
			isa = PBXProject;
			attributes = {
				BuildIndependentTargetsInParallel = 1;
				LastSwiftUpdateCheck = 1420;
				LastUpgradeCheck = 1420;
				TargetAttributes = {
					E5AEAA822A743959008BDE43 = {
						CreatedOnToolsVersion = 14.2;
					};
				};
			};
			buildConfigurationList = E5AEAA7E2A743959008BDE43 /* Build configuration list for PBXProject "CryptoCrazy" */;
			compatibilityVersion = "Xcode 14.0";
			developmentRegion = en;
			hasScannedForEncodings = 0;
			knownRegions = (
				en,
				Base,
			);
			mainGroup = E5AEAA7A2A743959008BDE43;
			productRefGroup = E5AEAA842A743959008BDE43 /* Products */;
			projectDirPath = "";
			projectRoot = "";
			targets = (
				E5AEAA822A743959008BDE43 /* CryptoCrazy */,
			);
		};
/* End PBXProject section */

/* Begin PBXResourcesBuildPhase section */
		E5AEAA812A743959008BDE43 /* Resources */ = {
			isa = PBXResourcesBuildPhase;
			buildActionMask = 2147483647;
			files = (
				E5AEAA932A74395A008BDE43 /* LaunchScreen.storyboard in Resources */,
				E5AEAA902A74395A008BDE43 /* Assets.xcassets in Resources */,
				E5AEAA8E2A743959008BDE43 /* Main.storyboard in Resources */,
			);
			runOnlyForDeploymentPostprocessing = 0;
		};
/* End PBXResourcesBuildPhase section */

/* Begin PBXSourcesBuildPhase section */
		E5AEAA7F2A743959008BDE43 /* Sources */ = {
			isa = PBXSourcesBuildPhase;
			buildActionMask = 2147483647;
			files = (
				E5AEAAA32A7440AE008BDE43 /* WebService.swift in Sources */,
				E5AEAA9B2A743AA1008BDE43 /* CryptoTableViewCell.swift in Sources */,
				E5AEAA8B2A743959008BDE43 /* ViewController.swift in Sources */,
				E5AEAAA52A744528008BDE43 /* CryptoViewModel.swift in Sources */,
				E5AEAA872A743959008BDE43 /* AppDelegate.swift in Sources */,
				E5AEAAA12A743F73008BDE43 /* CryptoCurrency.swift in Sources */,
				E5AEAA892A743959008BDE43 /* SceneDelegate.swift in Sources */,
			);
			runOnlyForDeploymentPostprocessing = 0;
		};
/* End PBXSourcesBuildPhase section */

/* Begin PBXVariantGroup section */
		E5AEAA8C2A743959008BDE43 /* Main.storyboard */ = {
			isa = PBXVariantGroup;
			children = (
				E5AEAA8D2A743959008BDE43 /* Base */,
			);
			name = Main.storyboard;
			sourceTree = "<group>";
		};
		E5AEAA912A74395A008BDE43 /* LaunchScreen.storyboard */ = {
			isa = PBXVariantGroup;
			children = (
				E5AEAA922A74395A008BDE43 /* Base */,
			);
			name = LaunchScreen.storyboard;
			sourceTree = "<group>";
		};
/* End PBXVariantGroup section */

/* Begin XCBuildConfiguration section */
		E5AEAA952A74395A008BDE43 /* Debug */ = {
			isa = XCBuildConfiguration;
			buildSettings = {
				ALWAYS_SEARCH_USER_PATHS = NO;
				CLANG_ANALYZER_NONNULL = YES;
				CLANG_ANALYZER_NUMBER_OBJECT_CONVERSION = YES_AGGRESSIVE;
				CLANG_CXX_LANGUAGE_STANDARD = "gnu++20";
				CLANG_ENABLE_MODULES = YES;
				CLANG_ENABLE_OBJC_ARC = YES;
				CLANG_ENABLE_OBJC_WEAK = YES;
				CLANG_WARN_BLOCK_CAPTURE_AUTORELEASING = YES;
				CLANG_WARN_BOOL_CONVERSION = YES;
				CLANG_WARN_COMMA = YES;
				CLANG_WARN_CONSTANT_CONVERSION = YES;
				CLANG_WARN_DEPRECATED_OBJC_IMPLEMENTATIONS = YES;
				CLANG_WARN_DIRECT_OBJC_ISA_USAGE = YES_ERROR;
				CLANG_WARN_DOCUMENTATION_COMMENTS = YES;
				CLANG_WARN_EMPTY_BODY = YES;
				CLANG_WARN_ENUM_CONVERSION = YES;
				CLANG_WARN_INFINITE_RECURSION = YES;
				CLANG_WARN_INT_CONVERSION = YES;
				CLANG_WARN_NON_LITERAL_NULL_CONVERSION = YES;
				CLANG_WARN_OBJC_IMPLICIT_RETAIN_SELF = YES;
				CLANG_WARN_OBJC_LITERAL_CONVERSION = YES;
				CLANG_WARN_OBJC_ROOT_CLASS = YES_ERROR;
				CLANG_WARN_QUOTED_INCLUDE_IN_FRAMEWORK_HEADER = YES;
				CLANG_WARN_RANGE_LOOP_ANALYSIS = YES;
				CLANG_WARN_STRICT_PROTOTYPES = YES;
				CLANG_WARN_SUSPICIOUS_MOVE = YES;
				CLANG_WARN_UNGUARDED_AVAILABILITY = YES_AGGRESSIVE;
				CLANG_WARN_UNREACHABLE_CODE = YES;
				CLANG_WARN__DUPLICATE_METHOD_MATCH = YES;
				COPY_PHASE_STRIP = NO;
				DEBUG_INFORMATION_FORMAT = dwarf;
				ENABLE_STRICT_OBJC_MSGSEND = YES;
				ENABLE_TESTABILITY = YES;
				GCC_C_LANGUAGE_STANDARD = gnu11;
				GCC_DYNAMIC_NO_PIC = NO;
				GCC_NO_COMMON_BLOCKS = YES;
				GCC_OPTIMIZATION_LEVEL = 0;
				GCC_PREPROCESSOR_DEFINITIONS = (
					"DEBUG=1",
					"$(inherited)",
				);
				GCC_WARN_64_TO_32_BIT_CONVERSION = YES;
				GCC_WARN_ABOUT_RETURN_TYPE = YES_ERROR;
				GCC_WARN_UNDECLARED_SELECTOR = YES;
				GCC_WARN_UNINITIALIZED_AUTOS = YES_AGGRESSIVE;
				GCC_WARN_UNUSED_FUNCTION = YES;
				GCC_WARN_UNUSED_VARIABLE = YES;
				IPHONEOS_DEPLOYMENT_TARGET = 16.2;
				MTL_ENABLE_DEBUG_INFO = INCLUDE_SOURCE;
				MTL_FAST_MATH = YES;
				ONLY_ACTIVE_ARCH = YES;
				SDKROOT = iphoneos;
				SWIFT_ACTIVE_COMPILATION_CONDITIONS = DEBUG;
				SWIFT_OPTIMIZATION_LEVEL = "-Onone";
			};
			name = Debug;
		};
		E5AEAA962A74395A008BDE43 /* Release */ = {
			isa = XCBuildConfiguration;
			buildSettings = {
				ALWAYS_SEARCH_USER_PATHS = NO;
				CLANG_ANALYZER_NONNULL = YES;
				CLANG_ANALYZER_NUMBER_OBJECT_CONVERSION = YES_AGGRESSIVE;
				CLANG_CXX_LANGUAGE_STANDARD = "gnu++20";
				CLANG_ENABLE_MODULES = YES;
				CLANG_ENABLE_OBJC_ARC = YES;
				CLANG_ENABLE_OBJC_WEAK = YES;
				CLANG_WARN_BLOCK_CAPTURE_AUTORELEASING = YES;
				CLANG_WARN_BOOL_CONVERSION = YES;
				CLANG_WARN_COMMA = YES;
				CLANG_WARN_CONSTANT_CONVERSION = YES;
				CLANG_WARN_DEPRECATED_OBJC_IMPLEMENTATIONS = YES;
				CLANG_WARN_DIRECT_OBJC_ISA_USAGE = YES_ERROR;
				CLANG_WARN_DOCUMENTATION_COMMENTS = YES;
				CLANG_WARN_EMPTY_BODY = YES;
				CLANG_WARN_ENUM_CONVERSION = YES;
				CLANG_WARN_INFINITE_RECURSION = YES;
				CLANG_WARN_INT_CONVERSION = YES;
				CLANG_WARN_NON_LITERAL_NULL_CONVERSION = YES;
				CLANG_WARN_OBJC_IMPLICIT_RETAIN_SELF = YES;
				CLANG_WARN_OBJC_LITERAL_CONVERSION = YES;
				CLANG_WARN_OBJC_ROOT_CLASS = YES_ERROR;
				CLANG_WARN_QUOTED_INCLUDE_IN_FRAMEWORK_HEADER = YES;
				CLANG_WARN_RANGE_LOOP_ANALYSIS = YES;
				CLANG_WARN_STRICT_PROTOTYPES = YES;
				CLANG_WARN_SUSPICIOUS_MOVE = YES;
				CLANG_WARN_UNGUARDED_AVAILABILITY = YES_AGGRESSIVE;
				CLANG_WARN_UNREACHABLE_CODE = YES;
				CLANG_WARN__DUPLICATE_METHOD_MATCH = YES;
				COPY_PHASE_STRIP = NO;
				DEBUG_INFORMATION_FORMAT = "dwarf-with-dsym";
				ENABLE_NS_ASSERTIONS = NO;
				ENABLE_STRICT_OBJC_MSGSEND = YES;
				GCC_C_LANGUAGE_STANDARD = gnu11;
				GCC_NO_COMMON_BLOCKS = YES;
				GCC_WARN_64_TO_32_BIT_CONVERSION = YES;
				GCC_WARN_ABOUT_RETURN_TYPE = YES_ERROR;
				GCC_WARN_UNDECLARED_SELECTOR = YES;
				GCC_WARN_UNINITIALIZED_AUTOS = YES_AGGRESSIVE;
				GCC_WARN_UNUSED_FUNCTION = YES;
				GCC_WARN_UNUSED_VARIABLE = YES;
				IPHONEOS_DEPLOYMENT_TARGET = 16.2;
				MTL_ENABLE_DEBUG_INFO = NO;
				MTL_FAST_MATH = YES;
				SDKROOT = iphoneos;
				SWIFT_COMPILATION_MODE = wholemodule;
				SWIFT_OPTIMIZATION_LEVEL = "-O";
				VALIDATE_PRODUCT = YES;
			};
			name = Release;
		};
		E5AEAA982A74395A008BDE43 /* Debug */ = {
			isa = XCBuildConfiguration;
			buildSettings = {
				ASSETCATALOG_COMPILER_APPICON_NAME = AppIcon;
				ASSETCATALOG_COMPILER_GLOBAL_ACCENT_COLOR_NAME = AccentColor;
				CODE_SIGN_STYLE = Automatic;
				CURRENT_PROJECT_VERSION = 1;
				GENERATE_INFOPLIST_FILE = YES;
				INFOPLIST_FILE = CryptoCrazy/Info.plist;
				INFOPLIST_KEY_UIApplicationSupportsIndirectInputEvents = YES;
				INFOPLIST_KEY_UILaunchStoryboardName = LaunchScreen;
				INFOPLIST_KEY_UIMainStoryboardFile = Main;
				INFOPLIST_KEY_UISupportedInterfaceOrientations_iPad = "UIInterfaceOrientationPortrait UIInterfaceOrientationPortraitUpsideDown UIInterfaceOrientationLandscapeLeft UIInterfaceOrientationLandscapeRight";
				INFOPLIST_KEY_UISupportedInterfaceOrientations_iPhone = "UIInterfaceOrientationPortrait UIInterfaceOrientationLandscapeLeft UIInterfaceOrientationLandscapeRight";
				LD_RUNPATH_SEARCH_PATHS = (
					"$(inherited)",
					"@executable_path/Frameworks",
				);
				MARKETING_VERSION = 1.0;
				PRODUCT_BUNDLE_IDENTIFIER = com.cembicakci.CryptoCrazy;
				PRODUCT_NAME = "$(TARGET_NAME)";
				SWIFT_EMIT_LOC_STRINGS = YES;
				SWIFT_VERSION = 5.0;
				TARGETED_DEVICE_FAMILY = "1,2";
			};
			name = Debug;
		};
		E5AEAA992A74395A008BDE43 /* Release */ = {
			isa = XCBuildConfiguration;
			buildSettings = {
				ASSETCATALOG_COMPILER_APPICON_NAME = AppIcon;
				ASSETCATALOG_COMPILER_GLOBAL_ACCENT_COLOR_NAME = AccentColor;
				CODE_SIGN_STYLE = Automatic;
				CURRENT_PROJECT_VERSION = 1;
				GENERATE_INFOPLIST_FILE = YES;
				INFOPLIST_FILE = CryptoCrazy/Info.plist;
				INFOPLIST_KEY_UIApplicationSupportsIndirectInputEvents = YES;
				INFOPLIST_KEY_UILaunchStoryboardName = LaunchScreen;
				INFOPLIST_KEY_UIMainStoryboardFile = Main;
				INFOPLIST_KEY_UISupportedInterfaceOrientations_iPad = "UIInterfaceOrientationPortrait UIInterfaceOrientationPortraitUpsideDown UIInterfaceOrientationLandscapeLeft UIInterfaceOrientationLandscapeRight";
				INFOPLIST_KEY_UISupportedInterfaceOrientations_iPhone = "UIInterfaceOrientationPortrait UIInterfaceOrientationLandscapeLeft UIInterfaceOrientationLandscapeRight";
				LD_RUNPATH_SEARCH_PATHS = (
					"$(inherited)",
					"@executable_path/Frameworks",
				);
				MARKETING_VERSION = 1.0;
				PRODUCT_BUNDLE_IDENTIFIER = com.cembicakci.CryptoCrazy;
				PRODUCT_NAME = "$(TARGET_NAME)";
				SWIFT_EMIT_LOC_STRINGS = YES;
				SWIFT_VERSION = 5.0;
				TARGETED_DEVICE_FAMILY = "1,2";
			};
			name = Release;
		};
/* End XCBuildConfiguration section */

/* Begin XCConfigurationList section */
		E5AEAA7E2A743959008BDE43 /* Build configuration list for PBXProject "CryptoCrazy" */ = {
			isa = XCConfigurationList;
			buildConfigurations = (
				E5AEAA952A74395A008BDE43 /* Debug */,
				E5AEAA962A74395A008BDE43 /* Release */,
			);
			defaultConfigurationIsVisible = 0;
			defaultConfigurationName = Release;
		};
		E5AEAA972A74395A008BDE43 /* Build configuration list for PBXNativeTarget "CryptoCrazy" */ = {
			isa = XCConfigurationList;
			buildConfigurations = (
				E5AEAA982A74395A008BDE43 /* Debug */,
				E5AEAA992A74395A008BDE43 /* Release */,
			);
			defaultConfigurationIsVisible = 0;
			defaultConfigurationName = Release;
		};
/* End XCConfigurationList section */
	};
	rootObject = E5AEAA7B2A743959008BDE43 /* Project object */;
}
