// !$*UTF8*$!
{
	archiveVersion = 1;
	classes = {
	};
	objectVersion = 56;
	objects = {

/* Begin PBXBuildFile section */
		E4A06B306CF8C2039784324A /* Pods_Foursquare.framework in Frameworks */ = {isa = PBXBuildFile; fileRef = 446A1D550EBBCB5D09266E6F /* Pods_Foursquare.framework */; };
		E5709E162A686C1C002AEEC6 /* PlacesVC.swift in Sources */ = {isa = PBXBuildFile; fileRef = E5709E152A686C1C002AEEC6 /* PlacesVC.swift */; };
		E5971F242A684D9F007C8FDA /* AppDelegate.swift in Sources */ = {isa = PBXBuildFile; fileRef = E5971F232A684D9F007C8FDA /* AppDelegate.swift */; };
		E5971F262A684D9F007C8FDA /* SceneDelegate.swift in Sources */ = {isa = PBXBuildFile; fileRef = E5971F252A684D9F007C8FDA /* SceneDelegate.swift */; };
		E5971F282A684D9F007C8FDA /* SignUpVC.swift in Sources */ = {isa = PBXBuildFile; fileRef = E5971F272A684D9F007C8FDA /* SignUpVC.swift */; };
		E5971F2B2A684D9F007C8FDA /* Main.storyboard in Resources */ = {isa = PBXBuildFile; fileRef = E5971F292A684D9F007C8FDA /* Main.storyboard */; };
		E5971F2D2A684D9F007C8FDA /* Assets.xcassets in Resources */ = {isa = PBXBuildFile; fileRef = E5971F2C2A684D9F007C8FDA /* Assets.xcassets */; };
		E5971F302A684D9F007C8FDA /* LaunchScreen.storyboard in Resources */ = {isa = PBXBuildFile; fileRef = E5971F2E2A684D9F007C8FDA /* LaunchScreen.storyboard */; };
/* End PBXBuildFile section */

/* Begin PBXFileReference section */
		1B44E1740702A951F01ED37A /* Pods-Foursquare.debug.xcconfig */ = {isa = PBXFileReference; includeInIndex = 1; lastKnownFileType = text.xcconfig; name = "Pods-Foursquare.debug.xcconfig"; path = "Target Support Files/Pods-Foursquare/Pods-Foursquare.debug.xcconfig"; sourceTree = "<group>"; };
		40A4F72BEAA921AF49D2FAA3 /* Pods-Foursquare.release.xcconfig */ = {isa = PBXFileReference; includeInIndex = 1; lastKnownFileType = text.xcconfig; name = "Pods-Foursquare.release.xcconfig"; path = "Target Support Files/Pods-Foursquare/Pods-Foursquare.release.xcconfig"; sourceTree = "<group>"; };
		446A1D550EBBCB5D09266E6F /* Pods_Foursquare.framework */ = {isa = PBXFileReference; explicitFileType = wrapper.framework; includeInIndex = 0; path = Pods_Foursquare.framework; sourceTree = BUILT_PRODUCTS_DIR; };
		E5709E152A686C1C002AEEC6 /* PlacesVC.swift */ = {isa = PBXFileReference; lastKnownFileType = sourcecode.swift; path = PlacesVC.swift; sourceTree = "<group>"; };
		E5971F202A684D9F007C8FDA /* Foursquare.app */ = {isa = PBXFileReference; explicitFileType = wrapper.application; includeInIndex = 0; path = Foursquare.app; sourceTree = BUILT_PRODUCTS_DIR; };
		E5971F232A684D9F007C8FDA /* AppDelegate.swift */ = {isa = PBXFileReference; lastKnownFileType = sourcecode.swift; path = AppDelegate.swift; sourceTree = "<group>"; };
		E5971F252A684D9F007C8FDA /* SceneDelegate.swift */ = {isa = PBXFileReference; lastKnownFileType = sourcecode.swift; path = SceneDelegate.swift; sourceTree = "<group>"; };
		E5971F272A684D9F007C8FDA /* SignUpVC.swift */ = {isa = PBXFileReference; lastKnownFileType = sourcecode.swift; path = SignUpVC.swift; sourceTree = "<group>"; };
		E5971F2A2A684D9F007C8FDA /* Base */ = {isa = PBXFileReference; lastKnownFileType = file.storyboard; name = Base; path = Base.lproj/Main.storyboard; sourceTree = "<group>"; };
		E5971F2C2A684D9F007C8FDA /* Assets.xcassets */ = {isa = PBXFileReference; lastKnownFileType = folder.assetcatalog; path = Assets.xcassets; sourceTree = "<group>"; };
		E5971F2F2A684D9F007C8FDA /* Base */ = {isa = PBXFileReference; lastKnownFileType = file.storyboard; name = Base; path = Base.lproj/LaunchScreen.storyboard; sourceTree = "<group>"; };
		E5971F312A684D9F007C8FDA /* Info.plist */ = {isa = PBXFileReference; lastKnownFileType = text.plist.xml; path = Info.plist; sourceTree = "<group>"; };
/* End PBXFileReference section */

/* Begin PBXFrameworksBuildPhase section */
		E5971F1D2A684D9F007C8FDA /* Frameworks */ = {
			isa = PBXFrameworksBuildPhase;
			buildActionMask = 2147483647;
			files = (
				E4A06B306CF8C2039784324A /* Pods_Foursquare.framework in Frameworks */,
			);
			runOnlyForDeploymentPostprocessing = 0;
		};
/* End PBXFrameworksBuildPhase section */

/* Begin PBXGroup section */
		A680EBC8A9255F2B4F0DDF27 /* Frameworks */ = {
			isa = PBXGroup;
			children = (
				446A1D550EBBCB5D09266E6F /* Pods_Foursquare.framework */,
			);
			name = Frameworks;
			sourceTree = "<group>";
		};
		D711F586D471CE7EDF6A638D /* Pods */ = {
			isa = PBXGroup;
			children = (
				1B44E1740702A951F01ED37A /* Pods-Foursquare.debug.xcconfig */,
				40A4F72BEAA921AF49D2FAA3 /* Pods-Foursquare.release.xcconfig */,
			);
			path = Pods;
			sourceTree = "<group>";
		};
		E5971F172A684D9F007C8FDA = {
			isa = PBXGroup;
			children = (
				E5971F222A684D9F007C8FDA /* Foursquare */,
				E5971F212A684D9F007C8FDA /* Products */,
				D711F586D471CE7EDF6A638D /* Pods */,
				A680EBC8A9255F2B4F0DDF27 /* Frameworks */,
			);
			sourceTree = "<group>";
		};
		E5971F212A684D9F007C8FDA /* Products */ = {
			isa = PBXGroup;
			children = (
				E5971F202A684D9F007C8FDA /* Foursquare.app */,
			);
			name = Products;
			sourceTree = "<group>";
		};
		E5971F222A684D9F007C8FDA /* Foursquare */ = {
			isa = PBXGroup;
			children = (
				E5971F232A684D9F007C8FDA /* AppDelegate.swift */,
				E5971F252A684D9F007C8FDA /* SceneDelegate.swift */,
				E5971F272A684D9F007C8FDA /* SignUpVC.swift */,
				E5709E152A686C1C002AEEC6 /* PlacesVC.swift */,
				E5971F292A684D9F007C8FDA /* Main.storyboard */,
				E5971F2C2A684D9F007C8FDA /* Assets.xcassets */,
				E5971F2E2A684D9F007C8FDA /* LaunchScreen.storyboard */,
				E5971F312A684D9F007C8FDA /* Info.plist */,
			);
			path = Foursquare;
			sourceTree = "<group>";
		};
/* End PBXGroup section */

/* Begin PBXNativeTarget section */
		E5971F1F2A684D9F007C8FDA /* Foursquare */ = {
			isa = PBXNativeTarget;
			buildConfigurationList = E5971F342A684D9F007C8FDA /* Build configuration list for PBXNativeTarget "Foursquare" */;
			buildPhases = (
				DBEAC3A09306F8A5F070DE15 /* [CP] Check Pods Manifest.lock */,
				E5971F1C2A684D9F007C8FDA /* Sources */,
				E5971F1D2A684D9F007C8FDA /* Frameworks */,
				E5971F1E2A684D9F007C8FDA /* Resources */,
				C89D4F25AD547CFC69EA9B30 /* [CP] Embed Pods Frameworks */,
			);
			buildRules = (
			);
			dependencies = (
			);
			name = Foursquare;
			productName = Foursquare;
			productReference = E5971F202A684D9F007C8FDA /* Foursquare.app */;
			productType = "com.apple.product-type.application";
		};
/* End PBXNativeTarget section */

/* Begin PBXProject section */
		E5971F182A684D9F007C8FDA /* Project object */ = {
			isa = PBXProject;
			attributes = {
				BuildIndependentTargetsInParallel = 1;
				LastSwiftUpdateCheck = 1420;
				LastUpgradeCheck = 1420;
				TargetAttributes = {
					E5971F1F2A684D9F007C8FDA = {
						CreatedOnToolsVersion = 14.2;
					};
				};
			};
			buildConfigurationList = E5971F1B2A684D9F007C8FDA /* Build configuration list for PBXProject "Foursquare" */;
			compatibilityVersion = "Xcode 14.0";
			developmentRegion = en;
			hasScannedForEncodings = 0;
			knownRegions = (
				en,
				Base,
			);
			mainGroup = E5971F172A684D9F007C8FDA;
			productRefGroup = E5971F212A684D9F007C8FDA /* Products */;
			projectDirPath = "";
			projectRoot = "";
			targets = (
				E5971F1F2A684D9F007C8FDA /* Foursquare */,
			);
		};
/* End PBXProject section */

/* Begin PBXResourcesBuildPhase section */
		E5971F1E2A684D9F007C8FDA /* Resources */ = {
			isa = PBXResourcesBuildPhase;
			buildActionMask = 2147483647;
			files = (
				E5971F302A684D9F007C8FDA /* LaunchScreen.storyboard in Resources */,
				E5971F2D2A684D9F007C8FDA /* Assets.xcassets in Resources */,
				E5971F2B2A684D9F007C8FDA /* Main.storyboard in Resources */,
			);
			runOnlyForDeploymentPostprocessing = 0;
		};
/* End PBXResourcesBuildPhase section */

/* Begin PBXShellScriptBuildPhase section */
		C89D4F25AD547CFC69EA9B30 /* [CP] Embed Pods Frameworks */ = {
			isa = PBXShellScriptBuildPhase;
			buildActionMask = 2147483647;
			files = (
			);
			inputFileListPaths = (
				"${PODS_ROOT}/Target Support Files/Pods-Foursquare/Pods-Foursquare-frameworks-${CONFIGURATION}-input-files.xcfilelist",
			);
			name = "[CP] Embed Pods Frameworks";
			outputFileListPaths = (
				"${PODS_ROOT}/Target Support Files/Pods-Foursquare/Pods-Foursquare-frameworks-${CONFIGURATION}-output-files.xcfilelist",
			);
			runOnlyForDeploymentPostprocessing = 0;
			shellPath = /bin/sh;
			shellScript = "\"${PODS_ROOT}/Target Support Files/Pods-Foursquare/Pods-Foursquare-frameworks.sh\"\n";
			showEnvVarsInLog = 0;
		};
		DBEAC3A09306F8A5F070DE15 /* [CP] Check Pods Manifest.lock */ = {
			isa = PBXShellScriptBuildPhase;
			buildActionMask = 2147483647;
			files = (
			);
			inputFileListPaths = (
			);
			inputPaths = (
				"${PODS_PODFILE_DIR_PATH}/Podfile.lock",
				"${PODS_ROOT}/Manifest.lock",
			);
			name = "[CP] Check Pods Manifest.lock";
			outputFileListPaths = (
			);
			outputPaths = (
				"$(DERIVED_FILE_DIR)/Pods-Foursquare-checkManifestLockResult.txt",
			);
			runOnlyForDeploymentPostprocessing = 0;
			shellPath = /bin/sh;
			shellScript = "diff \"${PODS_PODFILE_DIR_PATH}/Podfile.lock\" \"${PODS_ROOT}/Manifest.lock\" > /dev/null\nif [ $? != 0 ] ; then\n    # print error to STDERR\n    echo \"error: The sandbox is not in sync with the Podfile.lock. Run 'pod install' or update your CocoaPods installation.\" >&2\n    exit 1\nfi\n# This output is used by Xcode 'outputs' to avoid re-running this script phase.\necho \"SUCCESS\" > \"${SCRIPT_OUTPUT_FILE_0}\"\n";
			showEnvVarsInLog = 0;
		};
/* End PBXShellScriptBuildPhase section */

/* Begin PBXSourcesBuildPhase section */
		E5971F1C2A684D9F007C8FDA /* Sources */ = {
			isa = PBXSourcesBuildPhase;
			buildActionMask = 2147483647;
			files = (
				E5971F282A684D9F007C8FDA /* SignUpVC.swift in Sources */,
				E5971F242A684D9F007C8FDA /* AppDelegate.swift in Sources */,
				E5709E162A686C1C002AEEC6 /* PlacesVC.swift in Sources */,
				E5971F262A684D9F007C8FDA /* SceneDelegate.swift in Sources */,
			);
			runOnlyForDeploymentPostprocessing = 0;
		};
/* End PBXSourcesBuildPhase section */

/* Begin PBXVariantGroup section */
		E5971F292A684D9F007C8FDA /* Main.storyboard */ = {
			isa = PBXVariantGroup;
			children = (
				E5971F2A2A684D9F007C8FDA /* Base */,
			);
			name = Main.storyboard;
			sourceTree = "<group>";
		};
		E5971F2E2A684D9F007C8FDA /* LaunchScreen.storyboard */ = {
			isa = PBXVariantGroup;
			children = (
				E5971F2F2A684D9F007C8FDA /* Base */,
			);
			name = LaunchScreen.storyboard;
			sourceTree = "<group>";
		};
/* End PBXVariantGroup section */

/* Begin XCBuildConfiguration section */
		E5971F322A684D9F007C8FDA /* Debug */ = {
			isa = XCBuildConfiguration;
			buildSettings = {
				ALWAYS_SEARCH_USER_PATHS = NO;
				CLANG_ANALYZER_NONNULL = YES;
				CLANG_ANALYZER_NUMBER_OBJECT_CONVERSION = YES_AGGRESSIVE;
				CLANG_CXX_LANGUAGE_STANDARD = "gnu++20";
				CLANG_ENABLE_MODULES = YES;
				CLANG_ENABLE_OBJC_ARC = YES;
				CLANG_ENABLE_OBJC_WEAK = YES;
				CLANG_WARN_BLOCK_CAPTURE_AUTORELEASING = YES;
				CLANG_WARN_BOOL_CONVERSION = YES;
				CLANG_WARN_COMMA = YES;
				CLANG_WARN_CONSTANT_CONVERSION = YES;
				CLANG_WARN_DEPRECATED_OBJC_IMPLEMENTATIONS = YES;
				CLANG_WARN_DIRECT_OBJC_ISA_USAGE = YES_ERROR;
				CLANG_WARN_DOCUMENTATION_COMMENTS = YES;
				CLANG_WARN_EMPTY_BODY = YES;
				CLANG_WARN_ENUM_CONVERSION = YES;
				CLANG_WARN_INFINITE_RECURSION = YES;
				CLANG_WARN_INT_CONVERSION = YES;
				CLANG_WARN_NON_LITERAL_NULL_CONVERSION = YES;
				CLANG_WARN_OBJC_IMPLICIT_RETAIN_SELF = YES;
				CLANG_WARN_OBJC_LITERAL_CONVERSION = YES;
				CLANG_WARN_OBJC_ROOT_CLASS = YES_ERROR;
				CLANG_WARN_QUOTED_INCLUDE_IN_FRAMEWORK_HEADER = YES;
				CLANG_WARN_RANGE_LOOP_ANALYSIS = YES;
				CLANG_WARN_STRICT_PROTOTYPES = YES;
				CLANG_WARN_SUSPICIOUS_MOVE = YES;
				CLANG_WARN_UNGUARDED_AVAILABILITY = YES_AGGRESSIVE;
				CLANG_WARN_UNREACHABLE_CODE = YES;
				CLANG_WARN__DUPLICATE_METHOD_MATCH = YES;
				COPY_PHASE_STRIP = NO;
				DEBUG_INFORMATION_FORMAT = dwarf;
				ENABLE_STRICT_OBJC_MSGSEND = YES;
				ENABLE_TESTABILITY = YES;
				GCC_C_LANGUAGE_STANDARD = gnu11;
				GCC_DYNAMIC_NO_PIC = NO;
				GCC_NO_COMMON_BLOCKS = YES;
				GCC_OPTIMIZATION_LEVEL = 0;
				GCC_PREPROCESSOR_DEFINITIONS = (
					"DEBUG=1",
					"$(inherited)",
				);
				GCC_WARN_64_TO_32_BIT_CONVERSION = YES;
				GCC_WARN_ABOUT_RETURN_TYPE = YES_ERROR;
				GCC_WARN_UNDECLARED_SELECTOR = YES;
				GCC_WARN_UNINITIALIZED_AUTOS = YES_AGGRESSIVE;
				GCC_WARN_UNUSED_FUNCTION = YES;
				GCC_WARN_UNUSED_VARIABLE = YES;
				IPHONEOS_DEPLOYMENT_TARGET = 16.2;
				MTL_ENABLE_DEBUG_INFO = INCLUDE_SOURCE;
				MTL_FAST_MATH = YES;
				ONLY_ACTIVE_ARCH = YES;
				SDKROOT = iphoneos;
				SWIFT_ACTIVE_COMPILATION_CONDITIONS = DEBUG;
				SWIFT_OPTIMIZATION_LEVEL = "-Onone";
			};
			name = Debug;
		};
		E5971F332A684D9F007C8FDA /* Release */ = {
			isa = XCBuildConfiguration;
			buildSettings = {
				ALWAYS_SEARCH_USER_PATHS = NO;
				CLANG_ANALYZER_NONNULL = YES;
				CLANG_ANALYZER_NUMBER_OBJECT_CONVERSION = YES_AGGRESSIVE;
				CLANG_CXX_LANGUAGE_STANDARD = "gnu++20";
				CLANG_ENABLE_MODULES = YES;
				CLANG_ENABLE_OBJC_ARC = YES;
				CLANG_ENABLE_OBJC_WEAK = YES;
				CLANG_WARN_BLOCK_CAPTURE_AUTORELEASING = YES;
				CLANG_WARN_BOOL_CONVERSION = YES;
				CLANG_WARN_COMMA = YES;
				CLANG_WARN_CONSTANT_CONVERSION = YES;
				CLANG_WARN_DEPRECATED_OBJC_IMPLEMENTATIONS = YES;
				CLANG_WARN_DIRECT_OBJC_ISA_USAGE = YES_ERROR;
				CLANG_WARN_DOCUMENTATION_COMMENTS = YES;
				CLANG_WARN_EMPTY_BODY = YES;
				CLANG_WARN_ENUM_CONVERSION = YES;
				CLANG_WARN_INFINITE_RECURSION = YES;
				CLANG_WARN_INT_CONVERSION = YES;
				CLANG_WARN_NON_LITERAL_NULL_CONVERSION = YES;
				CLANG_WARN_OBJC_IMPLICIT_RETAIN_SELF = YES;
				CLANG_WARN_OBJC_LITERAL_CONVERSION = YES;
				CLANG_WARN_OBJC_ROOT_CLASS = YES_ERROR;
				CLANG_WARN_QUOTED_INCLUDE_IN_FRAMEWORK_HEADER = YES;
				CLANG_WARN_RANGE_LOOP_ANALYSIS = YES;
				CLANG_WARN_STRICT_PROTOTYPES = YES;
				CLANG_WARN_SUSPICIOUS_MOVE = YES;
				CLANG_WARN_UNGUARDED_AVAILABILITY = YES_AGGRESSIVE;
				CLANG_WARN_UNREACHABLE_CODE = YES;
				CLANG_WARN__DUPLICATE_METHOD_MATCH = YES;
				COPY_PHASE_STRIP = NO;
				DEBUG_INFORMATION_FORMAT = "dwarf-with-dsym";
				ENABLE_NS_ASSERTIONS = NO;
				ENABLE_STRICT_OBJC_MSGSEND = YES;
				GCC_C_LANGUAGE_STANDARD = gnu11;
				GCC_NO_COMMON_BLOCKS = YES;
				GCC_WARN_64_TO_32_BIT_CONVERSION = YES;
				GCC_WARN_ABOUT_RETURN_TYPE = YES_ERROR;
				GCC_WARN_UNDECLARED_SELECTOR = YES;
				GCC_WARN_UNINITIALIZED_AUTOS = YES_AGGRESSIVE;
				GCC_WARN_UNUSED_FUNCTION = YES;
				GCC_WARN_UNUSED_VARIABLE = YES;
				IPHONEOS_DEPLOYMENT_TARGET = 16.2;
				MTL_ENABLE_DEBUG_INFO = NO;
				MTL_FAST_MATH = YES;
				SDKROOT = iphoneos;
				SWIFT_COMPILATION_MODE = wholemodule;
				SWIFT_OPTIMIZATION_LEVEL = "-O";
				VALIDATE_PRODUCT = YES;
			};
			name = Release;
		};
		E5971F352A684D9F007C8FDA /* Debug */ = {
			isa = XCBuildConfiguration;
			baseConfigurationReference = 1B44E1740702A951F01ED37A /* Pods-Foursquare.debug.xcconfig */;
			buildSettings = {
				ASSETCATALOG_COMPILER_APPICON_NAME = AppIcon;
				ASSETCATALOG_COMPILER_GLOBAL_ACCENT_COLOR_NAME = AccentColor;
				CODE_SIGN_STYLE = Automatic;
				CURRENT_PROJECT_VERSION = 1;
				GENERATE_INFOPLIST_FILE = YES;
				INFOPLIST_FILE = Foursquare/Info.plist;
				INFOPLIST_KEY_UIApplicationSupportsIndirectInputEvents = YES;
				INFOPLIST_KEY_UILaunchStoryboardName = LaunchScreen;
				INFOPLIST_KEY_UIMainStoryboardFile = Main;
				INFOPLIST_KEY_UISupportedInterfaceOrientations_iPad = "UIInterfaceOrientationPortrait UIInterfaceOrientationPortraitUpsideDown UIInterfaceOrientationLandscapeLeft UIInterfaceOrientationLandscapeRight";
				INFOPLIST_KEY_UISupportedInterfaceOrientations_iPhone = "UIInterfaceOrientationPortrait UIInterfaceOrientationLandscapeLeft UIInterfaceOrientationLandscapeRight";
				LD_RUNPATH_SEARCH_PATHS = (
					"$(inherited)",
					"@executable_path/Frameworks",
				);
				MARKETING_VERSION = 1.0;
				PRODUCT_BUNDLE_IDENTIFIER = com.cembicakci.Foursquare;
				PRODUCT_NAME = "$(TARGET_NAME)";
				SWIFT_EMIT_LOC_STRINGS = YES;
				SWIFT_VERSION = 5.0;
				TARGETED_DEVICE_FAMILY = "1,2";
			};
			name = Debug;
		};
		E5971F362A684D9F007C8FDA /* Release */ = {
			isa = XCBuildConfiguration;
			baseConfigurationReference = 40A4F72BEAA921AF49D2FAA3 /* Pods-Foursquare.release.xcconfig */;
			buildSettings = {
				ASSETCATALOG_COMPILER_APPICON_NAME = AppIcon;
				ASSETCATALOG_COMPILER_GLOBAL_ACCENT_COLOR_NAME = AccentColor;
				CODE_SIGN_STYLE = Automatic;
				CURRENT_PROJECT_VERSION = 1;
				GENERATE_INFOPLIST_FILE = YES;
				INFOPLIST_FILE = Foursquare/Info.plist;
				INFOPLIST_KEY_UIApplicationSupportsIndirectInputEvents = YES;
				INFOPLIST_KEY_UILaunchStoryboardName = LaunchScreen;
				INFOPLIST_KEY_UIMainStoryboardFile = Main;
				INFOPLIST_KEY_UISupportedInterfaceOrientations_iPad = "UIInterfaceOrientationPortrait UIInterfaceOrientationPortraitUpsideDown UIInterfaceOrientationLandscapeLeft UIInterfaceOrientationLandscapeRight";
				INFOPLIST_KEY_UISupportedInterfaceOrientations_iPhone = "UIInterfaceOrientationPortrait UIInterfaceOrientationLandscapeLeft UIInterfaceOrientationLandscapeRight";
				LD_RUNPATH_SEARCH_PATHS = (
					"$(inherited)",
					"@executable_path/Frameworks",
				);
				MARKETING_VERSION = 1.0;
				PRODUCT_BUNDLE_IDENTIFIER = com.cembicakci.Foursquare;
				PRODUCT_NAME = "$(TARGET_NAME)";
				SWIFT_EMIT_LOC_STRINGS = YES;
				SWIFT_VERSION = 5.0;
				TARGETED_DEVICE_FAMILY = "1,2";
			};
			name = Release;
		};
/* End XCBuildConfiguration section */

/* Begin XCConfigurationList section */
		E5971F1B2A684D9F007C8FDA /* Build configuration list for PBXProject "Foursquare" */ = {
			isa = XCConfigurationList;
			buildConfigurations = (
				E5971F322A684D9F007C8FDA /* Debug */,
				E5971F332A684D9F007C8FDA /* Release */,
			);
			defaultConfigurationIsVisible = 0;
			defaultConfigurationName = Release;
		};
		E5971F342A684D9F007C8FDA /* Build configuration list for PBXNativeTarget "Foursquare" */ = {
			isa = XCConfigurationList;
			buildConfigurations = (
				E5971F352A684D9F007C8FDA /* Debug */,
				E5971F362A684D9F007C8FDA /* Release */,
			);
			defaultConfigurationIsVisible = 0;
			defaultConfigurationName = Release;
		};
/* End XCConfigurationList section */
	};
	rootObject = E5971F182A684D9F007C8FDA /* Project object */;
}
